Microsoft Visual Studio Solution File, Format Version 12.00
# Visual Studio Version 17
VisualStudioVersion = 17.0.31912.275
MinimumVisualStudioVersion = 10.0.40219.1
Project("{9A19103F-16F7-4668-BE54-9A1E7A4F7556}") = "Bonap.PrintBridge", "src/Bonap.PrintBridge/Bonap.PrintBridge.csproj", "{a9afc501-b2c2-40bf-925d-d30005cb5f88}"
EndProject
Project("{9A19103F-16F7-4668-BE54-9A1E7A4F7556}") = "Bonap.PrintBridge.Manager", "src/Bonap.PrintBridge.Manager/Bonap.PrintBridge.Manager.csproj", "{6517129f-5eb5-4682-a286-95aa9df06ad5}"
EndProject
Global
GlobalSection(SolutionConfigurationPlatforms) = preSolution
Debug|Any CPU = Debug|Any CPU
Release|Any CPU = Release|Any CPU
EndGlobalSection
GlobalSection(ProjectConfigurationPlatforms) = postSolution
{a9afc501-b2c2-40bf-925d-d30005cb5f88}.Debug|Any CPU.ActiveCfg = Debug|Any CPU
{a9afc501-b2c2-40bf-925d-d30005cb5f88}.Debug|Any CPU.Build.0 = Debug|Any CPU
{a9afc501-b2c2-40bf-925d-d30005cb5f88}.Release|Any CPU.ActiveCfg = Release|Any CPU
{a9afc501-b2c2-40bf-925d-d30005cb5f88}.Release|Any CPU.Build.0 = Release|Any CPU
{6517129f-5eb5-4682-a286-95aa9df06ad5}.Debug|Any CPU.ActiveCfg = Debug|Any CPU
{6517129f-5eb5-4682-a286-95aa9df06ad5}.Debug|Any CPU.Build.0 = Debug|Any CPU
{6517129f-5eb5-4682-a286-95aa9df06ad5}.Release|Any CPU.ActiveCfg = Release|Any CPU
{6517129f-5eb5-4682-a286-95aa9df06ad5}.Release|Any CPU.Build.0 = Release|Any CPU
EndGlobalSection
GlobalSection(SolutionProperties) = preSolution
HideSolutionNode = FALSE
EndGlobalSection
EndGlobal
